
Microsoft Visual Studio Solution File, Format Version 12.00
# Visual Studio Version 16
VisualStudioVersion = 16.0.29418.71
MinimumVisualStudioVersion = 10.0.40219.1
Project("{8BC9CEB8-8B4A-11D0-8D11-00A0C91BC942}") = "28 - escuchando musica", "28 - escuchando musica.vcxproj", "{C6C636DD-7B1D-4FFC-A081-15B897489805}"
EndProject
Global
	GlobalSection(SolutionConfigurationPlatforms) = preSolution
		Debug|x64 = Debug|x64
		Debug|x86 = Debug|x86
		Release|x64 = Release|x64
		Release|x86 = Release|x86
	EndGlobalSection
	GlobalSection(ProjectConfigurationPlatforms) = postSolution
		{C6C636DD-7B1D-4FFC-A081-15B897489805}.Debug|x64.ActiveCfg = Debug|x64
		{C6C636DD-7B1D-4FFC-A081-15B897489805}.Debug|x64.Build.0 = Debug|x64
		{C6C636DD-7B1D-4FFC-A081-15B897489805}.Debug|x86.ActiveCfg = Debug|Win32
		{C6C636DD-7B1D-4FFC-A081-15B897489805}.Debug|x86.Build.0 = Debug|Win32
		{C6C636DD-7B1D-4FFC-A081-15B897489805}.Release|x64.ActiveCfg = Release|x64
		{C6C636DD-7B1D-4FFC-A081-15B897489805}.Release|x64.Build.0 = Release|x64
		{C6C636DD-7B1D-4FFC-A081-15B897489805}.Release|x86.ActiveCfg = Release|Win32
		{C6C636DD-7B1D-4FFC-A081-15B897489805}.Release|x86.Build.0 = Release|Win32
	EndGlobalSection
	GlobalSection(SolutionProperties) = preSolution
		HideSolutionNode = FALSE
	EndGlobalSection
	GlobalSection(ExtensibilityGlobals) = postSolution
		SolutionGuid = {B4EB39D2-C1A8-43A8-8FAD-D9FA52539686}
	EndGlobalSection
EndGlobal
