
Microsoft Visual Studio Solution File, Format Version 12.00
# Visual Studio Version 16
VisualStudioVersion = 16.0.29411.108
MinimumVisualStudioVersion = 10.0.40219.1
Project("{8BC9CEB8-8B4A-11D0-8D11-00A0C91BC942}") = "21 - Torre de colores", "21 - Torre de colores.vcxproj", "{FCC4B830-D48F-4F66-B844-4E4B768B4F40}"
EndProject
Global
	GlobalSection(SolutionConfigurationPlatforms) = preSolution
		Debug|x64 = Debug|x64
		Debug|x86 = Debug|x86
		Release|x64 = Release|x64
		Release|x86 = Release|x86
	EndGlobalSection
	GlobalSection(ProjectConfigurationPlatforms) = postSolution
		{FCC4B830-D48F-4F66-B844-4E4B768B4F40}.Debug|x64.ActiveCfg = Debug|x64
		{FCC4B830-D48F-4F66-B844-4E4B768B4F40}.Debug|x64.Build.0 = Debug|x64
		{FCC4B830-D48F-4F66-B844-4E4B768B4F40}.Debug|x86.ActiveCfg = Debug|Win32
		{FCC4B830-D48F-4F66-B844-4E4B768B4F40}.Debug|x86.Build.0 = Debug|Win32
		{FCC4B830-D48F-4F66-B844-4E4B768B4F40}.Release|x64.ActiveCfg = Release|x64
		{FCC4B830-D48F-4F66-B844-4E4B768B4F40}.Release|x64.Build.0 = Release|x64
		{FCC4B830-D48F-4F66-B844-4E4B768B4F40}.Release|x86.ActiveCfg = Release|Win32
		{FCC4B830-D48F-4F66-B844-4E4B768B4F40}.Release|x86.Build.0 = Release|Win32
	EndGlobalSection
	GlobalSection(SolutionProperties) = preSolution
		HideSolutionNode = FALSE
	EndGlobalSection
	GlobalSection(ExtensibilityGlobals) = postSolution
		SolutionGuid = {51D39058-1EC4-4845-B815-B3B57B14098F}
	EndGlobalSection
EndGlobal
